
Microsoft Visual Studio Solution File, Format Version 12.00
# Visual Studio Version 16
VisualStudioVersion = 16.0.29519.87
MinimumVisualStudioVersion = 10.0.40219.1
Project("{FAE04EC0-301F-11D3-BF4B-00C04F79EFBC}") = "MVC", "MVC\MVC.csproj", "{E89DB943-191B-46A7-8874-DE166B07874A}"
EndProject
Global
	GlobalSection(SolutionConfigurationPlatforms) = preSolution
		Debug|Any CPU = Debug|Any CPU
		Release|Any CPU = Release|Any CPU
	EndGlobalSection
	GlobalSection(ProjectConfigurationPlatforms) = postSolution
		{E89DB943-191B-46A7-8874-DE166B07874A}.Debug|Any CPU.ActiveCfg = Debug|Any CPU
		{E89DB943-191B-46A7-8874-DE166B07874A}.Debug|Any CPU.Build.0 = Debug|Any CPU
		{E89DB943-191B-46A7-8874-DE166B07874A}.Release|Any CPU.ActiveCfg = Release|Any CPU
		{E89DB943-191B-46A7-8874-DE166B07874A}.Release|Any CPU.Build.0 = Release|Any CPU
	EndGlobalSection
	GlobalSection(SolutionProperties) = preSolution
		HideSolutionNode = FALSE
	EndGlobalSection
	GlobalSection(ExtensibilityGlobals) = postSolution
		SolutionGuid = {11DAE54D-D05A-46C2-BE16-0024C2E63C93}
	EndGlobalSection
EndGlobal
